
Microsoft Visual Studio Solution File, Format Version 12.00
# Visual Studio 15
VisualStudioVersion = 15.0.28307.106
MinimumVisualStudioVersion = 10.0.40219.1
Project("{9A19103F-16F7-4668-BE54-9A1E7A4F7556}") = "Trimfit", "Trimfit\Trimfit.csproj", "{7793B7D3-FA54-4F30-B654-F2E4EA793E3A}"
EndProject
Global
	GlobalSection(SolutionConfigurationPlatforms) = preSolution
		Debug|Any CPU = Debug|Any CPU
		Release|Any CPU = Release|Any CPU
	EndGlobalSection
	GlobalSection(ProjectConfigurationPlatforms) = postSolution
		{7793B7D3-FA54-4F30-B654-F2E4EA793E3A}.Debug|Any CPU.ActiveCfg = Debug|Any CPU
		{7793B7D3-FA54-4F30-B654-F2E4EA793E3A}.Debug|Any CPU.Build.0 = Debug|Any CPU
		{7793B7D3-FA54-4F30-B654-F2E4EA793E3A}.Release|Any CPU.ActiveCfg = Release|Any CPU
		{7793B7D3-FA54-4F30-B654-F2E4EA793E3A}.Release|Any CPU.Build.0 = Release|Any CPU
	EndGlobalSection
	GlobalSection(SolutionProperties) = preSolution
		HideSolutionNode = FALSE
	EndGlobalSection
	GlobalSection(ExtensibilityGlobals) = postSolution
		SolutionGuid = {65F031F7-C85E-4984-A04F-C9E5AA58B0E9}
	EndGlobalSection
EndGlobal
