
Microsoft Visual Studio Solution File, Format Version 12.00
# Visual Studio Version 16
VisualStudioVersion = 16.0.30517.126
MinimumVisualStudioVersion = 10.0.40219.1
Project("{9A19103F-16F7-4668-BE54-9A1E7A4F7556}") = "TrimFitAPI", "TrimFitAPI\TrimFitAPI.csproj", "{E33B0AC5-A410-4D1A-A101-26A104AE6EF0}"
EndProject
Project("{9A19103F-16F7-4668-BE54-9A1E7A4F7556}") = "Trimfit.WebApi", "Trimfit.Api\Trimfit.WebApi.csproj", "{57A808EF-64A2-443A-8F29-51B6B59811B3}"
EndProject
Project("{9A19103F-16F7-4668-BE54-9A1E7A4F7556}") = "Trimfit.Domain", "Trimfit.Domain\Trimfit.Domain.csproj", "{CF7D5D12-E351-4F71-B3DF-753A1FA3EF6F}"
EndProject
Project("{9A19103F-16F7-4668-BE54-9A1E7A4F7556}") = "Trimfit.DataAccess", "Trimfit.DataAccess\Trimfit.DataAccess.csproj", "{4E3DD2CA-6B49-46C9-8FB3-89A83D6F74BB}"
EndProject
Project("{9A19103F-16F7-4668-BE54-9A1E7A4F7556}") = "Trimfit.Utils", "Trimfit.Utils\Trimfit.Utils.csproj", "{7121BCFC-4FBE-4DE0-B9E1-E15A009DB99A}"
EndProject
Project("{9A19103F-16F7-4668-BE54-9A1E7A4F7556}") = "Trimfit.Logic", "Trimfit.Logic\Trimfit.Logic.csproj", "{C5DA4674-83B5-4A6D-B103-14F93B59AA98}"
EndProject
Project("{FAE04EC0-301F-11D3-BF4B-00C04F79EFBC}") = "Trimfit.QueriesHandling", "Trimfit.QueriesHandling\Trimfit.QueriesHandling.csproj", "{76544B07-5F0F-48C1-981C-C40551C69EDF}"
EndProject
Global
	GlobalSection(SolutionConfigurationPlatforms) = preSolution
		Debug|Any CPU = Debug|Any CPU
		Release|Any CPU = Release|Any CPU
	EndGlobalSection
	GlobalSection(ProjectConfigurationPlatforms) = postSolution
		{E33B0AC5-A410-4D1A-A101-26A104AE6EF0}.Debug|Any CPU.ActiveCfg = Debug|Any CPU
		{E33B0AC5-A410-4D1A-A101-26A104AE6EF0}.Debug|Any CPU.Build.0 = Debug|Any CPU
		{E33B0AC5-A410-4D1A-A101-26A104AE6EF0}.Release|Any CPU.ActiveCfg = Release|Any CPU
		{E33B0AC5-A410-4D1A-A101-26A104AE6EF0}.Release|Any CPU.Build.0 = Release|Any CPU
		{57A808EF-64A2-443A-8F29-51B6B59811B3}.Debug|Any CPU.ActiveCfg = Debug|Any CPU
		{57A808EF-64A2-443A-8F29-51B6B59811B3}.Debug|Any CPU.Build.0 = Debug|Any CPU
		{57A808EF-64A2-443A-8F29-51B6B59811B3}.Release|Any CPU.ActiveCfg = Release|Any CPU
		{57A808EF-64A2-443A-8F29-51B6B59811B3}.Release|Any CPU.Build.0 = Release|Any CPU
		{CF7D5D12-E351-4F71-B3DF-753A1FA3EF6F}.Debug|Any CPU.ActiveCfg = Debug|Any CPU
		{CF7D5D12-E351-4F71-B3DF-753A1FA3EF6F}.Debug|Any CPU.Build.0 = Debug|Any CPU
		{CF7D5D12-E351-4F71-B3DF-753A1FA3EF6F}.Release|Any CPU.ActiveCfg = Release|Any CPU
		{CF7D5D12-E351-4F71-B3DF-753A1FA3EF6F}.Release|Any CPU.Build.0 = Release|Any CPU
		{4E3DD2CA-6B49-46C9-8FB3-89A83D6F74BB}.Debug|Any CPU.ActiveCfg = Debug|Any CPU
		{4E3DD2CA-6B49-46C9-8FB3-89A83D6F74BB}.Debug|Any CPU.Build.0 = Debug|Any CPU
		{4E3DD2CA-6B49-46C9-8FB3-89A83D6F74BB}.Release|Any CPU.ActiveCfg = Release|Any CPU
		{4E3DD2CA-6B49-46C9-8FB3-89A83D6F74BB}.Release|Any CPU.Build.0 = Release|Any CPU
		{7121BCFC-4FBE-4DE0-B9E1-E15A009DB99A}.Debug|Any CPU.ActiveCfg = Debug|Any CPU
		{7121BCFC-4FBE-4DE0-B9E1-E15A009DB99A}.Debug|Any CPU.Build.0 = Debug|Any CPU
		{7121BCFC-4FBE-4DE0-B9E1-E15A009DB99A}.Release|Any CPU.ActiveCfg = Release|Any CPU
		{7121BCFC-4FBE-4DE0-B9E1-E15A009DB99A}.Release|Any CPU.Build.0 = Release|Any CPU
		{C5DA4674-83B5-4A6D-B103-14F93B59AA98}.Debug|Any CPU.ActiveCfg = Debug|Any CPU
		{C5DA4674-83B5-4A6D-B103-14F93B59AA98}.Debug|Any CPU.Build.0 = Debug|Any CPU
		{C5DA4674-83B5-4A6D-B103-14F93B59AA98}.Release|Any CPU.ActiveCfg = Release|Any CPU
		{C5DA4674-83B5-4A6D-B103-14F93B59AA98}.Release|Any CPU.Build.0 = Release|Any CPU
		{76544B07-5F0F-48C1-981C-C40551C69EDF}.Debug|Any CPU.ActiveCfg = Debug|Any CPU
		{76544B07-5F0F-48C1-981C-C40551C69EDF}.Debug|Any CPU.Build.0 = Debug|Any CPU
		{76544B07-5F0F-48C1-981C-C40551C69EDF}.Release|Any CPU.ActiveCfg = Release|Any CPU
		{76544B07-5F0F-48C1-981C-C40551C69EDF}.Release|Any CPU.Build.0 = Release|Any CPU
	EndGlobalSection
	GlobalSection(SolutionProperties) = preSolution
		HideSolutionNode = FALSE
	EndGlobalSection
	GlobalSection(ExtensibilityGlobals) = postSolution
		SolutionGuid = {AD1D8727-E2A8-4268-957B-B576F12971E2}
	EndGlobalSection
EndGlobal
